
Microsoft Visual Studio Solution File, Format Version 12.00
# Visual Studio Version 17
VisualStudioVersion = 17.3.32901.215
MinimumVisualStudioVersion = 10.0.40219.1
Project("{FAE04EC0-301F-11D3-BF4B-00C04F79EFBC}") = "2sayiyitoplama", "2sayiyitoplama\2sayiyitoplama.csproj", "{5C23FA9A-0937-46EF-8E9A-8C6F734CF7EC}"
EndProject
Global
	GlobalSection(SolutionConfigurationPlatforms) = preSolution
		Debug|Any CPU = Debug|Any CPU
		Release|Any CPU = Release|Any CPU
	EndGlobalSection
	GlobalSection(ProjectConfigurationPlatforms) = postSolution
		{5C23FA9A-0937-46EF-8E9A-8C6F734CF7EC}.Debug|Any CPU.ActiveCfg = Debug|Any CPU
		{5C23FA9A-0937-46EF-8E9A-8C6F734CF7EC}.Debug|Any CPU.Build.0 = Debug|Any CPU
		{5C23FA9A-0937-46EF-8E9A-8C6F734CF7EC}.Release|Any CPU.ActiveCfg = Release|Any CPU
		{5C23FA9A-0937-46EF-8E9A-8C6F734CF7EC}.Release|Any CPU.Build.0 = Release|Any CPU
	EndGlobalSection
	GlobalSection(SolutionProperties) = preSolution
		HideSolutionNode = FALSE
	EndGlobalSection
	GlobalSection(ExtensibilityGlobals) = postSolution
		SolutionGuid = {57DDAF28-F2FF-4BF7-8D07-D32F3DF760FF}
	EndGlobalSection
EndGlobal
